
Microsoft Visual Studio Solution File, Format Version 12.00
# Visual Studio 14
VisualStudioVersion = 14.0.24720.0
MinimumVisualStudioVersion = 10.0.40219.1
Project("{FAE04EC0-301F-11D3-BF4B-00C04F79EFBC}") = "EF2OR", "EF2OR\EF2OR.csproj", "{704C8D23-F2B7-42FC-AB2B-E1050CABAAFC}"
EndProject
Project("{FAE04EC0-301F-11D3-BF4B-00C04F79EFBC}") = "EF2OR.Tests", "EF2OR.Tests\EF2OR.Tests.csproj", "{3814D420-776A-4B81-9644-50C80BB4A441}"
EndProject
Project("{FAE04EC0-301F-11D3-BF4B-00C04F79EFBC}") = "EF2OR.Entities", "EF2OR.Entities\EF2OR.Entities.csproj", "{F093C3DB-1219-45A5-9CE3-3E7C337353A8}"
EndProject
Global
	GlobalSection(SolutionConfigurationPlatforms) = preSolution
		Debug|Any CPU = Debug|Any CPU
		Release|Any CPU = Release|Any CPU
	EndGlobalSection
	GlobalSection(ProjectConfigurationPlatforms) = postSolution
		{704C8D23-F2B7-42FC-AB2B-E1050CABAAFC}.Debug|Any CPU.ActiveCfg = Debug|Any CPU
		{704C8D23-F2B7-42FC-AB2B-E1050CABAAFC}.Debug|Any CPU.Build.0 = Debug|Any CPU
		{704C8D23-F2B7-42FC-AB2B-E1050CABAAFC}.Release|Any CPU.ActiveCfg = Release|Any CPU
		{704C8D23-F2B7-42FC-AB2B-E1050CABAAFC}.Release|Any CPU.Build.0 = Release|Any CPU
		{3814D420-776A-4B81-9644-50C80BB4A441}.Debug|Any CPU.ActiveCfg = Debug|Any CPU
		{3814D420-776A-4B81-9644-50C80BB4A441}.Debug|Any CPU.Build.0 = Debug|Any CPU
		{3814D420-776A-4B81-9644-50C80BB4A441}.Release|Any CPU.ActiveCfg = Release|Any CPU
		{3814D420-776A-4B81-9644-50C80BB4A441}.Release|Any CPU.Build.0 = Release|Any CPU
		{F093C3DB-1219-45A5-9CE3-3E7C337353A8}.Debug|Any CPU.ActiveCfg = Debug|Any CPU
		{F093C3DB-1219-45A5-9CE3-3E7C337353A8}.Debug|Any CPU.Build.0 = Debug|Any CPU
		{F093C3DB-1219-45A5-9CE3-3E7C337353A8}.Release|Any CPU.ActiveCfg = Release|Any CPU
		{F093C3DB-1219-45A5-9CE3-3E7C337353A8}.Release|Any CPU.Build.0 = Release|Any CPU
	EndGlobalSection
	GlobalSection(SolutionProperties) = preSolution
		HideSolutionNode = FALSE
	EndGlobalSection
EndGlobal
